// !$*UTF8*$!
{
	archiveVersion = 1;
	classes = {
	};
	objectVersion = 51;
	objects = {

/* Begin PBXBuildFile section */
		4C46F8C52523ACC600E97FA7 /* MovieDetailsViewController.swift in Sources */ = {isa = PBXBuildFile; fileRef = 4C46F8C42523ACC600E97FA7 /* MovieDetailsViewController.swift */; };
		4C46F8CA2523BC0900E97FA7 /* MovieGridViewController.swift in Sources */ = {isa = PBXBuildFile; fileRef = 4C46F8C92523BC0900E97FA7 /* MovieGridViewController.swift */; };
		4C46F8CF2523BF4500E97FA7 /* MovieGridCell.swift in Sources */ = {isa = PBXBuildFile; fileRef = 4C46F8CE2523BF4500E97FA7 /* MovieGridCell.swift */; };
		4C96910B251F93CA00CFED70 /* AppDelegate.swift in Sources */ = {isa = PBXBuildFile; fileRef = 4C96910A251F93CA00CFED70 /* AppDelegate.swift */; };
		4C96910D251F93CA00CFED70 /* SceneDelegate.swift in Sources */ = {isa = PBXBuildFile; fileRef = 4C96910C251F93CA00CFED70 /* SceneDelegate.swift */; };
		4C969112251F93CA00CFED70 /* Main.storyboard in Resources */ = {isa = PBXBuildFile; fileRef = 4C969110251F93CA00CFED70 /* Main.storyboard */; };
		4C969114251F93CC00CFED70 /* Assets.xcassets in Resources */ = {isa = PBXBuildFile; fileRef = 4C969113251F93CC00CFED70 /* Assets.xcassets */; };
		4C969117251F93CC00CFED70 /* LaunchScreen.storyboard in Resources */ = {isa = PBXBuildFile; fileRef = 4C969115251F93CC00CFED70 /* LaunchScreen.storyboard */; };
		4C969122251F93CC00CFED70 /* flixsterTests.swift in Sources */ = {isa = PBXBuildFile; fileRef = 4C969121251F93CC00CFED70 /* flixsterTests.swift */; };
		4C96912D251F93CC00CFED70 /* flixsterUITests.swift in Sources */ = {isa = PBXBuildFile; fileRef = 4C96912C251F93CC00CFED70 /* flixsterUITests.swift */; };
		4C969141251F95B000CFED70 /* MoviesViewController.swift in Sources */ = {isa = PBXBuildFile; fileRef = 4C969140251F95B000CFED70 /* MoviesViewController.swift */; };
		4C969146251FCDFB00CFED70 /* MovieCell.swift in Sources */ = {isa = PBXBuildFile; fileRef = 4C969145251FCDFB00CFED70 /* MovieCell.swift */; };
		7265A0626F3F3D5EF0702AB5 /* Pods_flixster.framework in Frameworks */ = {isa = PBXBuildFile; fileRef = 080937BF56E6C7F3E1772283 /* Pods_flixster.framework */; };
		7DC527E408B6EC6D6DB5AC44 /* Pods_flixster_flixsterUITests.framework in Frameworks */ = {isa = PBXBuildFile; fileRef = 1799EE6586490049D4983F0A /* Pods_flixster_flixsterUITests.framework */; };
		B2089F955C9DDC85EFBF105F /* Pods_flixsterTests.framework in Frameworks */ = {isa = PBXBuildFile; fileRef = 78AF54401B8803442AC32BF7 /* Pods_flixsterTests.framework */; };
/* End PBXBuildFile section */

/* Begin PBXContainerItemProxy section */
		4C96911E251F93CC00CFED70 /* PBXContainerItemProxy */ = {
			isa = PBXContainerItemProxy;
			containerPortal = 4C9690FF251F93CA00CFED70 /* Project object */;
			proxyType = 1;
			remoteGlobalIDString = 4C969106251F93CA00CFED70;
			remoteInfo = flixster;
		};
		4C969129251F93CC00CFED70 /* PBXContainerItemProxy */ = {
			isa = PBXContainerItemProxy;
			containerPortal = 4C9690FF251F93CA00CFED70 /* Project object */;
			proxyType = 1;
			remoteGlobalIDString = 4C969106251F93CA00CFED70;
			remoteInfo = flixster;
		};
/* End PBXContainerItemProxy section */

/* Begin PBXFileReference section */
		080937BF56E6C7F3E1772283 /* Pods_flixster.framework */ = {isa = PBXFileReference; explicitFileType = wrapper.framework; includeInIndex = 0; path = Pods_flixster.framework; sourceTree = BUILT_PRODUCTS_DIR; };
		1799EE6586490049D4983F0A /* Pods_flixster_flixsterUITests.framework */ = {isa = PBXFileReference; explicitFileType = wrapper.framework; includeInIndex = 0; path = Pods_flixster_flixsterUITests.framework; sourceTree = BUILT_PRODUCTS_DIR; };
		277FFD78879FE593AD8C975C /* Pods-flixster-flixsterUITests.debug.xcconfig */ = {isa = PBXFileReference; includeInIndex = 1; lastKnownFileType = text.xcconfig; name = "Pods-flixster-flixsterUITests.debug.xcconfig"; path = "Target Support Files/Pods-flixster-flixsterUITests/Pods-flixster-flixsterUITests.debug.xcconfig"; sourceTree = "<group>"; };
		4C46F8C42523ACC600E97FA7 /* MovieDetailsViewController.swift */ = {isa = PBXFileReference; lastKnownFileType = sourcecode.swift; path = MovieDetailsViewController.swift; sourceTree = "<group>"; };
		4C46F8C92523BC0900E97FA7 /* MovieGridViewController.swift */ = {isa = PBXFileReference; lastKnownFileType = sourcecode.swift; path = MovieGridViewController.swift; sourceTree = "<group>"; };
		4C46F8CE2523BF4500E97FA7 /* MovieGridCell.swift */ = {isa = PBXFileReference; lastKnownFileType = sourcecode.swift; path = MovieGridCell.swift; sourceTree = "<group>"; };
		4C969107251F93CA00CFED70 /* flixster.app */ = {isa = PBXFileReference; explicitFileType = wrapper.application; includeInIndex = 0; path = flixster.app; sourceTree = BUILT_PRODUCTS_DIR; };
		4C96910A251F93CA00CFED70 /* AppDelegate.swift */ = {isa = PBXFileReference; lastKnownFileType = sourcecode.swift; path = AppDelegate.swift; sourceTree = "<group>"; };
		4C96910C251F93CA00CFED70 /* SceneDelegate.swift */ = {isa = PBXFileReference; lastKnownFileType = sourcecode.swift; path = SceneDelegate.swift; sourceTree = "<group>"; };
		4C969111251F93CA00CFED70 /* Base */ = {isa = PBXFileReference; lastKnownFileType = file.storyboard; name = Base; path = Base.lproj/Main.storyboard; sourceTree = "<group>"; };
		4C969113251F93CC00CFED70 /* Assets.xcassets */ = {isa = PBXFileReference; lastKnownFileType = folder.assetcatalog; path = Assets.xcassets; sourceTree = "<group>"; };
		4C969116251F93CC00CFED70 /* Base */ = {isa = PBXFileReference; lastKnownFileType = file.storyboard; name = Base; path = Base.lproj/LaunchScreen.storyboard; sourceTree = "<group>"; };
		4C969118251F93CC00CFED70 /* Info.plist */ = {isa = PBXFileReference; lastKnownFileType = text.plist.xml; path = Info.plist; sourceTree = "<group>"; };
		4C96911D251F93CC00CFED70 /* flixsterTests.xctest */ = {isa = PBXFileReference; explicitFileType = wrapper.cfbundle; includeInIndex = 0; path = flixsterTests.xctest; sourceTree = BUILT_PRODUCTS_DIR; };
		4C969121251F93CC00CFED70 /* flixsterTests.swift */ = {isa = PBXFileReference; lastKnownFileType = sourcecode.swift; path = flixsterTests.swift; sourceTree = "<group>"; };
		4C969123251F93CC00CFED70 /* Info.plist */ = {isa = PBXFileReference; lastKnownFileType = text.plist.xml; path = Info.plist; sourceTree = "<group>"; };
		4C969128251F93CC00CFED70 /* flixsterUITests.xctest */ = {isa = PBXFileReference; explicitFileType = wrapper.cfbundle; includeInIndex = 0; path = flixsterUITests.xctest; sourceTree = BUILT_PRODUCTS_DIR; };
		4C96912C251F93CC00CFED70 /* flixsterUITests.swift */ = {isa = PBXFileReference; lastKnownFileType = sourcecode.swift; path = flixsterUITests.swift; sourceTree = "<group>"; };
		4C96912E251F93CC00CFED70 /* Info.plist */ = {isa = PBXFileReference; lastKnownFileType = text.plist.xml; path = Info.plist; sourceTree = "<group>"; };
		4C969140251F95B000CFED70 /* MoviesViewController.swift */ = {isa = PBXFileReference; lastKnownFileType = sourcecode.swift; path = MoviesViewController.swift; sourceTree = "<group>"; };
		4C969145251FCDFB00CFED70 /* MovieCell.swift */ = {isa = PBXFileReference; lastKnownFileType = sourcecode.swift; path = MovieCell.swift; sourceTree = "<group>"; };
		5EA79DB1E42D533A75001777 /* Pods-flixster.debug.xcconfig */ = {isa = PBXFileReference; includeInIndex = 1; lastKnownFileType = text.xcconfig; name = "Pods-flixster.debug.xcconfig"; path = "Target Support Files/Pods-flixster/Pods-flixster.debug.xcconfig"; sourceTree = "<group>"; };
		70F9209903C7A1F35621404C /* Pods-flixsterTests.release.xcconfig */ = {isa = PBXFileReference; includeInIndex = 1; lastKnownFileType = text.xcconfig; name = "Pods-flixsterTests.release.xcconfig"; path = "Target Support Files/Pods-flixsterTests/Pods-flixsterTests.release.xcconfig"; sourceTree = "<group>"; };
		78AF54401B8803442AC32BF7 /* Pods_flixsterTests.framework */ = {isa = PBXFileReference; explicitFileType = wrapper.framework; includeInIndex = 0; path = Pods_flixsterTests.framework; sourceTree = BUILT_PRODUCTS_DIR; };
		B05F730F25365C2880E7754F /* Pods-flixsterTests.debug.xcconfig */ = {isa = PBXFileReference; includeInIndex = 1; lastKnownFileType = text.xcconfig; name = "Pods-flixsterTests.debug.xcconfig"; path = "Target Support Files/Pods-flixsterTests/Pods-flixsterTests.debug.xcconfig"; sourceTree = "<group>"; };
		F9ED3FDC3C24EE7ACEB04316 /* Pods-flixster.release.xcconfig */ = {isa = PBXFileReference; includeInIndex = 1; lastKnownFileType = text.xcconfig; name = "Pods-flixster.release.xcconfig"; path = "Target Support Files/Pods-flixster/Pods-flixster.release.xcconfig"; sourceTree = "<group>"; };
		FDA9CDBC47D777014E0D3BCF /* Pods-flixster-flixsterUITests.release.xcconfig */ = {isa = PBXFileReference; includeInIndex = 1; lastKnownFileType = text.xcconfig; name = "Pods-flixster-flixsterUITests.release.xcconfig"; path = "Target Support Files/Pods-flixster-flixsterUITests/Pods-flixster-flixsterUITests.release.xcconfig"; sourceTree = "<group>"; };
/* End PBXFileReference section */

/* Begin PBXFrameworksBuildPhase section */
		4C969104251F93CA00CFED70 /* Frameworks */ = {
			isa = PBXFrameworksBuildPhase;
			buildActionMask = 2147483647;
			files = (
				7265A0626F3F3D5EF0702AB5 /* Pods_flixster.framework in Frameworks */,
			);
			runOnlyForDeploymentPostprocessing = 0;
		};
		4C96911A251F93CC00CFED70 /* Frameworks */ = {
			isa = PBXFrameworksBuildPhase;
			buildActionMask = 2147483647;
			files = (
				B2089F955C9DDC85EFBF105F /* Pods_flixsterTests.framework in Frameworks */,
			);
			runOnlyForDeploymentPostprocessing = 0;
		};
		4C969125251F93CC00CFED70 /* Frameworks */ = {
			isa = PBXFrameworksBuildPhase;
			buildActionMask = 2147483647;
			files = (
				7DC527E408B6EC6D6DB5AC44 /* Pods_flixster_flixsterUITests.framework in Frameworks */,
			);
			runOnlyForDeploymentPostprocessing = 0;
		};
/* End PBXFrameworksBuildPhase section */

/* Begin PBXGroup section */
		2F4F4D1538EEB7DC171306C0 /* Pods */ = {
			isa = PBXGroup;
			children = (
				5EA79DB1E42D533A75001777 /* Pods-flixster.debug.xcconfig */,
				F9ED3FDC3C24EE7ACEB04316 /* Pods-flixster.release.xcconfig */,
				277FFD78879FE593AD8C975C /* Pods-flixster-flixsterUITests.debug.xcconfig */,
				FDA9CDBC47D777014E0D3BCF /* Pods-flixster-flixsterUITests.release.xcconfig */,
				B05F730F25365C2880E7754F /* Pods-flixsterTests.debug.xcconfig */,
				70F9209903C7A1F35621404C /* Pods-flixsterTests.release.xcconfig */,
			);
			path = Pods;
			sourceTree = "<group>";
		};
		3CFA0CDF9F26E999EAC5838B /* Frameworks */ = {
			isa = PBXGroup;
			children = (
				080937BF56E6C7F3E1772283 /* Pods_flixster.framework */,
				1799EE6586490049D4983F0A /* Pods_flixster_flixsterUITests.framework */,
				78AF54401B8803442AC32BF7 /* Pods_flixsterTests.framework */,
			);
			name = Frameworks;
			sourceTree = "<group>";
		};
		4C9690FE251F93CA00CFED70 = {
			isa = PBXGroup;
			children = (
				4C969109251F93CA00CFED70 /* flixster */,
				4C969120251F93CC00CFED70 /* flixsterTests */,
				4C96912B251F93CC00CFED70 /* flixsterUITests */,
				4C969108251F93CA00CFED70 /* Products */,
				2F4F4D1538EEB7DC171306C0 /* Pods */,
				3CFA0CDF9F26E999EAC5838B /* Frameworks */,
			);
			sourceTree = "<group>";
		};
		4C969108251F93CA00CFED70 /* Products */ = {
			isa = PBXGroup;
			children = (
				4C969107251F93CA00CFED70 /* flixster.app */,
				4C96911D251F93CC00CFED70 /* flixsterTests.xctest */,
				4C969128251F93CC00CFED70 /* flixsterUITests.xctest */,
			);
			name = Products;
			sourceTree = "<group>";
		};
		4C969109251F93CA00CFED70 /* flixster */ = {
			isa = PBXGroup;
			children = (
				4C96910A251F93CA00CFED70 /* AppDelegate.swift */,
				4C96910C251F93CA00CFED70 /* SceneDelegate.swift */,
				4C969110251F93CA00CFED70 /* Main.storyboard */,
				4C969113251F93CC00CFED70 /* Assets.xcassets */,
				4C969115251F93CC00CFED70 /* LaunchScreen.storyboard */,
				4C969118251F93CC00CFED70 /* Info.plist */,
				4C969140251F95B000CFED70 /* MoviesViewController.swift */,
				4C969145251FCDFB00CFED70 /* MovieCell.swift */,
				4C46F8C42523ACC600E97FA7 /* MovieDetailsViewController.swift */,
				4C46F8C92523BC0900E97FA7 /* MovieGridViewController.swift */,
				4C46F8CE2523BF4500E97FA7 /* MovieGridCell.swift */,
			);
			path = flixster;
			sourceTree = "<group>";
		};
		4C969120251F93CC00CFED70 /* flixsterTests */ = {
			isa = PBXGroup;
			children = (
				4C969121251F93CC00CFED70 /* flixsterTests.swift */,
				4C969123251F93CC00CFED70 /* Info.plist */,
			);
			path = flixsterTests;
			sourceTree = "<group>";
		};
		4C96912B251F93CC00CFED70 /* flixsterUITests */ = {
			isa = PBXGroup;
			children = (
				4C96912C251F93CC00CFED70 /* flixsterUITests.swift */,
				4C96912E251F93CC00CFED70 /* Info.plist */,
			);
			path = flixsterUITests;
			sourceTree = "<group>";
		};
/* End PBXGroup section */

/* Begin PBXNativeTarget section */
		4C969106251F93CA00CFED70 /* flixster */ = {
			isa = PBXNativeTarget;
			buildConfigurationList = 4C969131251F93CC00CFED70 /* Build configuration list for PBXNativeTarget "flixster" */;
			buildPhases = (
				8AF403488102E18390A94F4B /* [CP] Check Pods Manifest.lock */,
				4C969103251F93CA00CFED70 /* Sources */,
				4C969104251F93CA00CFED70 /* Frameworks */,
				4C969105251F93CA00CFED70 /* Resources */,
				CAB6D5119F7DD59E0C1E7A9A /* [CP] Embed Pods Frameworks */,
			);
			buildRules = (
			);
			dependencies = (
			);
			name = flixster;
			productName = flixster;
			productReference = 4C969107251F93CA00CFED70 /* flixster.app */;
			productType = "com.apple.product-type.application";
		};
		4C96911C251F93CC00CFED70 /* flixsterTests */ = {
			isa = PBXNativeTarget;
			buildConfigurationList = 4C969134251F93CC00CFED70 /* Build configuration list for PBXNativeTarget "flixsterTests" */;
			buildPhases = (
				E2ACAE59F383F447ABC68BAC /* [CP] Check Pods Manifest.lock */,
				4C969119251F93CC00CFED70 /* Sources */,
				4C96911A251F93CC00CFED70 /* Frameworks */,
				4C96911B251F93CC00CFED70 /* Resources */,
			);
			buildRules = (
			);
			dependencies = (
				4C96911F251F93CC00CFED70 /* PBXTargetDependency */,
			);
			name = flixsterTests;
			productName = flixsterTests;
			productReference = 4C96911D251F93CC00CFED70 /* flixsterTests.xctest */;
			productType = "com.apple.product-type.bundle.unit-test";
		};
		4C969127251F93CC00CFED70 /* flixsterUITests */ = {
			isa = PBXNativeTarget;
			buildConfigurationList = 4C969137251F93CC00CFED70 /* Build configuration list for PBXNativeTarget "flixsterUITests" */;
			buildPhases = (
				F67782EA377E49DE74083570 /* [CP] Check Pods Manifest.lock */,
				4C969124251F93CC00CFED70 /* Sources */,
				4C969125251F93CC00CFED70 /* Frameworks */,
				4C969126251F93CC00CFED70 /* Resources */,
				0BE80AF34B278E85B4BC8DE8 /* [CP] Embed Pods Frameworks */,
			);
			buildRules = (
			);
			dependencies = (
				4C96912A251F93CC00CFED70 /* PBXTargetDependency */,
			);
			name = flixsterUITests;
			productName = flixsterUITests;
			productReference = 4C969128251F93CC00CFED70 /* flixsterUITests.xctest */;
			productType = "com.apple.product-type.bundle.ui-testing";
		};
/* End PBXNativeTarget section */

/* Begin PBXProject section */
		4C9690FF251F93CA00CFED70 /* Project object */ = {
			isa = PBXProject;
			attributes = {
				LastSwiftUpdateCheck = 1200;
				LastUpgradeCheck = 1200;
				TargetAttributes = {
					4C969106251F93CA00CFED70 = {
						CreatedOnToolsVersion = 12.0;
					};
					4C96911C251F93CC00CFED70 = {
						CreatedOnToolsVersion = 12.0;
						TestTargetID = 4C969106251F93CA00CFED70;
					};
					4C969127251F93CC00CFED70 = {
						CreatedOnToolsVersion = 12.0;
						TestTargetID = 4C969106251F93CA00CFED70;
					};
				};
			};
			buildConfigurationList = 4C969102251F93CA00CFED70 /* Build configuration list for PBXProject "flixster" */;
			compatibilityVersion = "Xcode 9.3";
			developmentRegion = en;
			hasScannedForEncodings = 0;
			knownRegions = (
				en,
				Base,
			);
			mainGroup = 4C9690FE251F93CA00CFED70;
			productRefGroup = 4C969108251F93CA00CFED70 /* Products */;
			projectDirPath = "";
			projectRoot = "";
			targets = (
				4C969106251F93CA00CFED70 /* flixster */,
				4C96911C251F93CC00CFED70 /* flixsterTests */,
				4C969127251F93CC00CFED70 /* flixsterUITests */,
			);
		};
/* End PBXProject section */

/* Begin PBXResourcesBuildPhase section */
		4C969105251F93CA00CFED70 /* Resources */ = {
			isa = PBXResourcesBuildPhase;
			buildActionMask = 2147483647;
			files = (
				4C969117251F93CC00CFED70 /* LaunchScreen.storyboard in Resources */,
				4C969114251F93CC00CFED70 /* Assets.xcassets in Resources */,
				4C969112251F93CA00CFED70 /* Main.storyboard in Resources */,
			);
			runOnlyForDeploymentPostprocessing = 0;
		};
		4C96911B251F93CC00CFED70 /* Resources */ = {
			isa = PBXResourcesBuildPhase;
			buildActionMask = 2147483647;
			files = (
			);
			runOnlyForDeploymentPostprocessing = 0;
		};
		4C969126251F93CC00CFED70 /* Resources */ = {
			isa = PBXResourcesBuildPhase;
			buildActionMask = 2147483647;
			files = (
			);
			runOnlyForDeploymentPostprocessing = 0;
		};
/* End PBXResourcesBuildPhase section */

/* Begin PBXShellScriptBuildPhase section */
		0BE80AF34B278E85B4BC8DE8 /* [CP] Embed Pods Frameworks */ = {
			isa = PBXShellScriptBuildPhase;
			buildActionMask = 2147483647;
			files = (
			);
			inputFileListPaths = (
				"${PODS_ROOT}/Target Support Files/Pods-flixster-flixsterUITests/Pods-flixster-flixsterUITests-frameworks-${CONFIGURATION}-input-files.xcfilelist",
			);
			name = "[CP] Embed Pods Frameworks";
			outputFileListPaths = (
				"${PODS_ROOT}/Target Support Files/Pods-flixster-flixsterUITests/Pods-flixster-flixsterUITests-frameworks-${CONFIGURATION}-output-files.xcfilelist",
			);
			runOnlyForDeploymentPostprocessing = 0;
			shellPath = /bin/sh;
			shellScript = "\"${PODS_ROOT}/Target Support Files/Pods-flixster-flixsterUITests/Pods-flixster-flixsterUITests-frameworks.sh\"\n";
			showEnvVarsInLog = 0;
		};
		8AF403488102E18390A94F4B /* [CP] Check Pods Manifest.lock */ = {
			isa = PBXShellScriptBuildPhase;
			buildActionMask = 2147483647;
			files = (
			);
			inputFileListPaths = (
			);
			inputPaths = (
				"${PODS_PODFILE_DIR_PATH}/Podfile.lock",
				"${PODS_ROOT}/Manifest.lock",
			);
			name = "[CP] Check Pods Manifest.lock";
			outputFileListPaths = (
			);
			outputPaths = (
				"$(DERIVED_FILE_DIR)/Pods-flixster-checkManifestLockResult.txt",
			);
			runOnlyForDeploymentPostprocessing = 0;
			shellPath = /bin/sh;
			shellScript = "diff \"${PODS_PODFILE_DIR_PATH}/Podfile.lock\" \"${PODS_ROOT}/Manifest.lock\" > /dev/null\nif [ $? != 0 ] ; then\n    # print error to STDERR\n    echo \"error: The sandbox is not in sync with the Podfile.lock. Run 'pod install' or update your CocoaPods installation.\" >&2\n    exit 1\nfi\n# This output is used by Xcode 'outputs' to avoid re-running this script phase.\necho \"SUCCESS\" > \"${SCRIPT_OUTPUT_FILE_0}\"\n";
			showEnvVarsInLog = 0;
		};
		CAB6D5119F7DD59E0C1E7A9A /* [CP] Embed Pods Frameworks */ = {
			isa = PBXShellScriptBuildPhase;
			buildActionMask = 2147483647;
			files = (
			);
			inputFileListPaths = (
				"${PODS_ROOT}/Target Support Files/Pods-flixster/Pods-flixster-frameworks-${CONFIGURATION}-input-files.xcfilelist",
			);
			name = "[CP] Embed Pods Frameworks";
			outputFileListPaths = (
				"${PODS_ROOT}/Target Support Files/Pods-flixster/Pods-flixster-frameworks-${CONFIGURATION}-output-files.xcfilelist",
			);
			runOnlyForDeploymentPostprocessing = 0;
			shellPath = /bin/sh;
			shellScript = "\"${PODS_ROOT}/Target Support Files/Pods-flixster/Pods-flixster-frameworks.sh\"\n";
			showEnvVarsInLog = 0;
		};
		E2ACAE59F383F447ABC68BAC /* [CP] Check Pods Manifest.lock */ = {
			isa = PBXShellScriptBuildPhase;
			buildActionMask = 2147483647;
			files = (
			);
			inputFileListPaths = (
			);
			inputPaths = (
				"${PODS_PODFILE_DIR_PATH}/Podfile.lock",
				"${PODS_ROOT}/Manifest.lock",
			);
			name = "[CP] Check Pods Manifest.lock";
			outputFileListPaths = (
			);
			outputPaths = (
				"$(DERIVED_FILE_DIR)/Pods-flixsterTests-checkManifestLockResult.txt",
			);
			runOnlyForDeploymentPostprocessing = 0;
			shellPath = /bin/sh;
			shellScript = "diff \"${PODS_PODFILE_DIR_PATH}/Podfile.lock\" \"${PODS_ROOT}/Manifest.lock\" > /dev/null\nif [ $? != 0 ] ; then\n    # print error to STDERR\n    echo \"error: The sandbox is not in sync with the Podfile.lock. Run 'pod install' or update your CocoaPods installation.\" >&2\n    exit 1\nfi\n# This output is used by Xcode 'outputs' to avoid re-running this script phase.\necho \"SUCCESS\" > \"${SCRIPT_OUTPUT_FILE_0}\"\n";
			showEnvVarsInLog = 0;
		};
		F67782EA377E49DE74083570 /* [CP] Check Pods Manifest.lock */ = {
			isa = PBXShellScriptBuildPhase;
			buildActionMask = 2147483647;
			files = (
			);
			inputFileListPaths = (
			);
			inputPaths = (
				"${PODS_PODFILE_DIR_PATH}/Podfile.lock",
				"${PODS_ROOT}/Manifest.lock",
			);
			name = "[CP] Check Pods Manifest.lock";
			outputFileListPaths = (
			);
			outputPaths = (
				"$(DERIVED_FILE_DIR)/Pods-flixster-flixsterUITests-checkManifestLockResult.txt",
			);
			runOnlyForDeploymentPostprocessing = 0;
			shellPath = /bin/sh;
			shellScript = "diff \"${PODS_PODFILE_DIR_PATH}/Podfile.lock\" \"${PODS_ROOT}/Manifest.lock\" > /dev/null\nif [ $? != 0 ] ; then\n    # print error to STDERR\n    echo \"error: The sandbox is not in sync with the Podfile.lock. Run 'pod install' or update your CocoaPods installation.\" >&2\n    exit 1\nfi\n# This output is used by Xcode 'outputs' to avoid re-running this script phase.\necho \"SUCCESS\" > \"${SCRIPT_OUTPUT_FILE_0}\"\n";
			showEnvVarsInLog = 0;
		};
/* End PBXShellScriptBuildPhase section */

/* Begin PBXSourcesBuildPhase section */
		4C969103251F93CA00CFED70 /* Sources */ = {
			isa = PBXSourcesBuildPhase;
			buildActionMask = 2147483647;
			files = (
				4C46F8C52523ACC600E97FA7 /* MovieDetailsViewController.swift in Sources */,
				4C96910B251F93CA00CFED70 /* AppDelegate.swift in Sources */,
				4C96910D251F93CA00CFED70 /* SceneDelegate.swift in Sources */,
				4C969146251FCDFB00CFED70 /* MovieCell.swift in Sources */,
				4C969141251F95B000CFED70 /* MoviesViewController.swift in Sources */,
				4C46F8CA2523BC0900E97FA7 /* MovieGridViewController.swift in Sources */,
				4C46F8CF2523BF4500E97FA7 /* MovieGridCell.swift in Sources */,
			);
			runOnlyForDeploymentPostprocessing = 0;
		};
		4C969119251F93CC00CFED70 /* Sources */ = {
			isa = PBXSourcesBuildPhase;
			buildActionMask = 2147483647;
			files = (
				4C969122251F93CC00CFED70 /* flixsterTests.swift in Sources */,
			);
			runOnlyForDeploymentPostprocessing = 0;
		};
		4C969124251F93CC00CFED70 /* Sources */ = {
			isa = PBXSourcesBuildPhase;
			buildActionMask = 2147483647;
			files = (
				4C96912D251F93CC00CFED70 /* flixsterUITests.swift in Sources */,
			);
			runOnlyForDeploymentPostprocessing = 0;
		};
/* End PBXSourcesBuildPhase section */

/* Begin PBXTargetDependency section */
		4C96911F251F93CC00CFED70 /* PBXTargetDependency */ = {
			isa = PBXTargetDependency;
			target = 4C969106251F93CA00CFED70 /* flixster */;
			targetProxy = 4C96911E251F93CC00CFED70 /* PBXContainerItemProxy */;
		};
		4C96912A251F93CC00CFED70 /* PBXTargetDependency */ = {
			isa = PBXTargetDependency;
			target = 4C969106251F93CA00CFED70 /* flixster */;
			targetProxy = 4C969129251F93CC00CFED70 /* PBXContainerItemProxy */;
		};
/* End PBXTargetDependency section */

/* Begin PBXVariantGroup section */
		4C969110251F93CA00CFED70 /* Main.storyboard */ = {
			isa = PBXVariantGroup;
			children = (
				4C969111251F93CA00CFED70 /* Base */,
			);
			name = Main.storyboard;
			sourceTree = "<group>";
		};
		4C969115251F93CC00CFED70 /* LaunchScreen.storyboard */ = {
			isa = PBXVariantGroup;
			children = (
				4C969116251F93CC00CFED70 /* Base */,
			);
			name = LaunchScreen.storyboard;
			sourceTree = "<group>";
		};
/* End PBXVariantGroup section */

/* Begin XCBuildConfiguration section */
		4C96912F251F93CC00CFED70 /* Debug */ = {
			isa = XCBuildConfiguration;
			buildSettings = {
				ALWAYS_SEARCH_USER_PATHS = NO;
				CLANG_ANALYZER_NONNULL = YES;
				CLANG_ANALYZER_NUMBER_OBJECT_CONVERSION = YES_AGGRESSIVE;
				CLANG_CXX_LANGUAGE_STANDARD = "gnu++14";
				CLANG_CXX_LIBRARY = "libc++";
				CLANG_ENABLE_MODULES = YES;
				CLANG_ENABLE_OBJC_ARC = YES;
				CLANG_ENABLE_OBJC_WEAK = YES;
				CLANG_WARN_BLOCK_CAPTURE_AUTORELEASING = YES;
				CLANG_WARN_BOOL_CONVERSION = YES;
				CLANG_WARN_COMMA = YES;
				CLANG_WARN_CONSTANT_CONVERSION = YES;
				CLANG_WARN_DEPRECATED_OBJC_IMPLEMENTATIONS = YES;
				CLANG_WARN_DIRECT_OBJC_ISA_USAGE = YES_ERROR;
				CLANG_WARN_DOCUMENTATION_COMMENTS = YES;
				CLANG_WARN_EMPTY_BODY = YES;
				CLANG_WARN_ENUM_CONVERSION = YES;
				CLANG_WARN_INFINITE_RECURSION = YES;
				CLANG_WARN_INT_CONVERSION = YES;
				CLANG_WARN_NON_LITERAL_NULL_CONVERSION = YES;
				CLANG_WARN_OBJC_IMPLICIT_RETAIN_SELF = YES;
				CLANG_WARN_OBJC_LITERAL_CONVERSION = YES;
				CLANG_WARN_OBJC_ROOT_CLASS = YES_ERROR;
				CLANG_WARN_QUOTED_INCLUDE_IN_FRAMEWORK_HEADER = YES;
				CLANG_WARN_RANGE_LOOP_ANALYSIS = YES;
				CLANG_WARN_STRICT_PROTOTYPES = YES;
				CLANG_WARN_SUSPICIOUS_MOVE = YES;
				CLANG_WARN_UNGUARDED_AVAILABILITY = YES_AGGRESSIVE;
				CLANG_WARN_UNREACHABLE_CODE = YES;
				CLANG_WARN__DUPLICATE_METHOD_MATCH = YES;
				COPY_PHASE_STRIP = NO;
				DEBUG_INFORMATION_FORMAT = dwarf;
				ENABLE_STRICT_OBJC_MSGSEND = YES;
				ENABLE_TESTABILITY = YES;
				GCC_C_LANGUAGE_STANDARD = gnu11;
				GCC_DYNAMIC_NO_PIC = NO;
				GCC_NO_COMMON_BLOCKS = YES;
				GCC_OPTIMIZATION_LEVEL = 0;
				GCC_PREPROCESSOR_DEFINITIONS = (
					"DEBUG=1",
					"$(inherited)",
				);
				GCC_WARN_64_TO_32_BIT_CONVERSION = YES;
				GCC_WARN_ABOUT_RETURN_TYPE = YES_ERROR;
				GCC_WARN_UNDECLARED_SELECTOR = YES;
				GCC_WARN_UNINITIALIZED_AUTOS = YES_AGGRESSIVE;
				GCC_WARN_UNUSED_FUNCTION = YES;
				GCC_WARN_UNUSED_VARIABLE = YES;
				IPHONEOS_DEPLOYMENT_TARGET = 14.0;
				MTL_ENABLE_DEBUG_INFO = INCLUDE_SOURCE;
				MTL_FAST_MATH = YES;
				ONLY_ACTIVE_ARCH = YES;
				SDKROOT = iphoneos;
				SWIFT_ACTIVE_COMPILATION_CONDITIONS = DEBUG;
				SWIFT_OPTIMIZATION_LEVEL = "-Onone";
			};
			name = Debug;
		};
		4C969130251F93CC00CFED70 /* Release */ = {
			isa = XCBuildConfiguration;
			buildSettings = {
				ALWAYS_SEARCH_USER_PATHS = NO;
				CLANG_ANALYZER_NONNULL = YES;
				CLANG_ANALYZER_NUMBER_OBJECT_CONVERSION = YES_AGGRESSIVE;
				CLANG_CXX_LANGUAGE_STANDARD = "gnu++14";
				CLANG_CXX_LIBRARY = "libc++";
				CLANG_ENABLE_MODULES = YES;
				CLANG_ENABLE_OBJC_ARC = YES;
				CLANG_ENABLE_OBJC_WEAK = YES;
				CLANG_WARN_BLOCK_CAPTURE_AUTORELEASING = YES;
				CLANG_WARN_BOOL_CONVERSION = YES;
				CLANG_WARN_COMMA = YES;
				CLANG_WARN_CONSTANT_CONVERSION = YES;
				CLANG_WARN_DEPRECATED_OBJC_IMPLEMENTATIONS = YES;
				CLANG_WARN_DIRECT_OBJC_ISA_USAGE = YES_ERROR;
				CLANG_WARN_DOCUMENTATION_COMMENTS = YES;
				CLANG_WARN_EMPTY_BODY = YES;
				CLANG_WARN_ENUM_CONVERSION = YES;
				CLANG_WARN_INFINITE_RECURSION = YES;
				CLANG_WARN_INT_CONVERSION = YES;
				CLANG_WARN_NON_LITERAL_NULL_CONVERSION = YES;
				CLANG_WARN_OBJC_IMPLICIT_RETAIN_SELF = YES;
				CLANG_WARN_OBJC_LITERAL_CONVERSION = YES;
				CLANG_WARN_OBJC_ROOT_CLASS = YES_ERROR;
				CLANG_WARN_QUOTED_INCLUDE_IN_FRAMEWORK_HEADER = YES;
				CLANG_WARN_RANGE_LOOP_ANALYSIS = YES;
				CLANG_WARN_STRICT_PROTOTYPES = YES;
				CLANG_WARN_SUSPICIOUS_MOVE = YES;
				CLANG_WARN_UNGUARDED_AVAILABILITY = YES_AGGRESSIVE;
				CLANG_WARN_UNREACHABLE_CODE = YES;
				CLANG_WARN__DUPLICATE_METHOD_MATCH = YES;
				COPY_PHASE_STRIP = NO;
				DEBUG_INFORMATION_FORMAT = "dwarf-with-dsym";
				ENABLE_NS_ASSERTIONS = NO;
				ENABLE_STRICT_OBJC_MSGSEND = YES;
				GCC_C_LANGUAGE_STANDARD = gnu11;
				GCC_NO_COMMON_BLOCKS = YES;
				GCC_WARN_64_TO_32_BIT_CONVERSION = YES;
				GCC_WARN_ABOUT_RETURN_TYPE = YES_ERROR;
				GCC_WARN_UNDECLARED_SELECTOR = YES;
				GCC_WARN_UNINITIALIZED_AUTOS = YES_AGGRESSIVE;
				GCC_WARN_UNUSED_FUNCTION = YES;
				GCC_WARN_UNUSED_VARIABLE = YES;
				IPHONEOS_DEPLOYMENT_TARGET = 14.0;
				MTL_ENABLE_DEBUG_INFO = NO;
				MTL_FAST_MATH = YES;
				SDKROOT = iphoneos;
				SWIFT_COMPILATION_MODE = wholemodule;
				SWIFT_OPTIMIZATION_LEVEL = "-O";
				VALIDATE_PRODUCT = YES;
			};
			name = Release;
		};
		4C969132251F93CC00CFED70 /* Debug */ = {
			isa = XCBuildConfiguration;
			baseConfigurationReference = 5EA79DB1E42D533A75001777 /* Pods-flixster.debug.xcconfig */;
			buildSettings = {
				ASSETCATALOG_COMPILER_APPICON_NAME = AppIcon;
				ASSETCATALOG_COMPILER_GLOBAL_ACCENT_COLOR_NAME = AccentColor;
				CODE_SIGN_STYLE = Automatic;
				INFOPLIST_FILE = flixster/Info.plist;
				LD_RUNPATH_SEARCH_PATHS = (
					"$(inherited)",
					"@executable_path/Frameworks",
				);
				PRODUCT_BUNDLE_IDENTIFIER = "Pratik-Patel.flixster";
				PRODUCT_NAME = "$(TARGET_NAME)";
				SWIFT_VERSION = 5.0;
				TARGETED_DEVICE_FAMILY = "1,2";
			};
			name = Debug;
		};
		4C969133251F93CC00CFED70 /* Release */ = {
			isa = XCBuildConfiguration;
			baseConfigurationReference = F9ED3FDC3C24EE7ACEB04316 /* Pods-flixster.release.xcconfig */;
			buildSettings = {
				ASSETCATALOG_COMPILER_APPICON_NAME = AppIcon;
				ASSETCATALOG_COMPILER_GLOBAL_ACCENT_COLOR_NAME = AccentColor;
				CODE_SIGN_STYLE = Automatic;
				INFOPLIST_FILE = flixster/Info.plist;
				LD_RUNPATH_SEARCH_PATHS = (
					"$(inherited)",
					"@executable_path/Frameworks",
				);
				PRODUCT_BUNDLE_IDENTIFIER = "Pratik-Patel.flixster";
				PRODUCT_NAME = "$(TARGET_NAME)";
				SWIFT_VERSION = 5.0;
				TARGETED_DEVICE_FAMILY = "1,2";
			};
			name = Release;
		};
		4C969135251F93CC00CFED70 /* Debug */ = {
			isa = XCBuildConfiguration;
			baseConfigurationReference = B05F730F25365C2880E7754F /* Pods-flixsterTests.debug.xcconfig */;
			buildSettings = {
				ALWAYS_EMBED_SWIFT_STANDARD_LIBRARIES = YES;
				BUNDLE_LOADER = "$(TEST_HOST)";
				CODE_SIGN_STYLE = Automatic;
				INFOPLIST_FILE = flixsterTests/Info.plist;
				IPHONEOS_DEPLOYMENT_TARGET = 14.0;
				LD_RUNPATH_SEARCH_PATHS = (
					"$(inherited)",
					"@executable_path/Frameworks",
					"@loader_path/Frameworks",
				);
				PRODUCT_BUNDLE_IDENTIFIER = "Pratik-Patel.flixsterTests";
				PRODUCT_NAME = "$(TARGET_NAME)";
				SWIFT_VERSION = 5.0;
				TARGETED_DEVICE_FAMILY = "1,2";
				TEST_HOST = "$(BUILT_PRODUCTS_DIR)/flixster.app/flixster";
			};
			name = Debug;
		};
		4C969136251F93CC00CFED70 /* Release */ = {
			isa = XCBuildConfiguration;
			baseConfigurationReference = 70F9209903C7A1F35621404C /* Pods-flixsterTests.release.xcconfig */;
			buildSettings = {
				ALWAYS_EMBED_SWIFT_STANDARD_LIBRARIES = YES;
				BUNDLE_LOADER = "$(TEST_HOST)";
				CODE_SIGN_STYLE = Automatic;
				INFOPLIST_FILE = flixsterTests/Info.plist;
				IPHONEOS_DEPLOYMENT_TARGET = 14.0;
				LD_RUNPATH_SEARCH_PATHS = (
					"$(inherited)",
					"@executable_path/Frameworks",
					"@loader_path/Frameworks",
				);
				PRODUCT_BUNDLE_IDENTIFIER = "Pratik-Patel.flixsterTests";
				PRODUCT_NAME = "$(TARGET_NAME)";
				SWIFT_VERSION = 5.0;
				TARGETED_DEVICE_FAMILY = "1,2";
				TEST_HOST = "$(BUILT_PRODUCTS_DIR)/flixster.app/flixster";
			};
			name = Release;
		};
		4C969138251F93CC00CFED70 /* Debug */ = {
			isa = XCBuildConfiguration;
			baseConfigurationReference = 277FFD78879FE593AD8C975C /* Pods-flixster-flixsterUITests.debug.xcconfig */;
			buildSettings = {
				ALWAYS_EMBED_SWIFT_STANDARD_LIBRARIES = YES;
				CODE_SIGN_STYLE = Automatic;
				INFOPLIST_FILE = flixsterUITests/Info.plist;
				LD_RUNPATH_SEARCH_PATHS = (
					"$(inherited)",
					"@executable_path/Frameworks",
					"@loader_path/Frameworks",
				);
				PRODUCT_BUNDLE_IDENTIFIER = "Pratik-Patel.flixsterUITests";
				PRODUCT_NAME = "$(TARGET_NAME)";
				SWIFT_VERSION = 5.0;
				TARGETED_DEVICE_FAMILY = "1,2";
				TEST_TARGET_NAME = flixster;
			};
			name = Debug;
		};
		4C969139251F93CC00CFED70 /* Release */ = {
			isa = XCBuildConfiguration;
			baseConfigurationReference = FDA9CDBC47D777014E0D3BCF /* Pods-flixster-flixsterUITests.release.xcconfig */;
			buildSettings = {
				ALWAYS_EMBED_SWIFT_STANDARD_LIBRARIES = YES;
				CODE_SIGN_STYLE = Automatic;
				INFOPLIST_FILE = flixsterUITests/Info.plist;
				LD_RUNPATH_SEARCH_PATHS = (
					"$(inherited)",
					"@executable_path/Frameworks",
					"@loader_path/Frameworks",
				);
				PRODUCT_BUNDLE_IDENTIFIER = "Pratik-Patel.flixsterUITests";
				PRODUCT_NAME = "$(TARGET_NAME)";
				SWIFT_VERSION = 5.0;
				TARGETED_DEVICE_FAMILY = "1,2";
				TEST_TARGET_NAME = flixster;
			};
			name = Release;
		};
/* End XCBuildConfiguration section */

/* Begin XCConfigurationList section */
		4C969102251F93CA00CFED70 /* Build configuration list for PBXProject "flixster" */ = {
			isa = XCConfigurationList;
			buildConfigurations = (
				4C96912F251F93CC00CFED70 /* Debug */,
				4C969130251F93CC00CFED70 /* Release */,
			);
			defaultConfigurationIsVisible = 0;
			defaultConfigurationName = Release;
		};
		4C969131251F93CC00CFED70 /* Build configuration list for PBXNativeTarget "flixster" */ = {
			isa = XCConfigurationList;
			buildConfigurations = (
				4C969132251F93CC00CFED70 /* Debug */,
				4C969133251F93CC00CFED70 /* Release */,
			);
			defaultConfigurationIsVisible = 0;
			defaultConfigurationName = Release;
		};
		4C969134251F93CC00CFED70 /* Build configuration list for PBXNativeTarget "flixsterTests" */ = {
			isa = XCConfigurationList;
			buildConfigurations = (
				4C969135251F93CC00CFED70 /* Debug */,
				4C969136251F93CC00CFED70 /* Release */,
			);
			defaultConfigurationIsVisible = 0;
			defaultConfigurationName = Release;
		};
		4C969137251F93CC00CFED70 /* Build configuration list for PBXNativeTarget "flixsterUITests" */ = {
			isa = XCConfigurationList;
			buildConfigurations = (
				4C969138251F93CC00CFED70 /* Debug */,
				4C969139251F93CC00CFED70 /* Release */,
			);
			defaultConfigurationIsVisible = 0;
			defaultConfigurationName = Release;
		};
/* End XCConfigurationList section */
	};
	rootObject = 4C9690FF251F93CA00CFED70 /* Project object */;
}
